// !$*UTF8*$!
{
	archiveVersion = 1;
	classes = {
	};
	objectVersion = 46;
	objects = {

/* Begin PBXBuildFile section */
		B65F1AE11EFE009100B52D51 /* main.m in Sources */ = {isa = PBXBuildFile; fileRef = B65F1AE01EFE009100B52D51 /* main.m */; };
		B65F1AE41EFE009100B52D51 /* AppDelegate.m in Sources */ = {isa = PBXBuildFile; fileRef = B65F1AE31EFE009100B52D51 /* AppDelegate.m */; };
		B65F1AED1EFE009100B52D51 /* Main.storyboard in Resources */ = {isa = PBXBuildFile; fileRef = B65F1AEB1EFE009100B52D51 /* Main.storyboard */; };
		B65F1AEF1EFE009100B52D51 /* Assets.xcassets in Resources */ = {isa = PBXBuildFile; fileRef = B65F1AEE1EFE009100B52D51 /* Assets.xcassets */; };
		B65F1AF21EFE009100B52D51 /* LaunchScreen.storyboard in Resources */ = {isa = PBXBuildFile; fileRef = B65F1AF01EFE009100B52D51 /* LaunchScreen.storyboard */; };
		B65F1AFB1EFE02E200B52D51 /* UserWeatherViewController.m in Sources */ = {isa = PBXBuildFile; fileRef = B65F1AFA1EFE02E200B52D51 /* UserWeatherViewController.m */; };
		B65F1AFE1EFE02FB00B52D51 /* CityWeatherViewController.m in Sources */ = {isa = PBXBuildFile; fileRef = B65F1AFD1EFE02FB00B52D51 /* CityWeatherViewController.m */; };
		B65F1B031EFE079B00B52D51 /* FBSDKLoginKit.framework in Frameworks */ = {isa = PBXBuildFile; fileRef = B65F1B021EFE079B00B52D51 /* FBSDKLoginKit.framework */; };
		B65F1B071EFE092400B52D51 /* LoginViewController.m in Sources */ = {isa = PBXBuildFile; fileRef = B65F1B061EFE092400B52D51 /* LoginViewController.m */; };
		B67D3C511EFE105B0091EA7B /* Login.storyboard in Resources */ = {isa = PBXBuildFile; fileRef = B67D3C501EFE105B0091EA7B /* Login.storyboard */; };
		B67D3C551EFE134B0091EA7B /* FBSDKCoreKit.framework in Frameworks */ = {isa = PBXBuildFile; fileRef = B67D3C541EFE134B0091EA7B /* FBSDKCoreKit.framework */; };
		B692E90D1EFE173C005CB6BA /* Bolts.framework in Frameworks */ = {isa = PBXBuildFile; fileRef = B692E90C1EFE173C005CB6BA /* Bolts.framework */; };
/* End PBXBuildFile section */

/* Begin PBXFileReference section */
		B65F1ADC1EFE009100B52D51 /* CIANDTTest.app */ = {isa = PBXFileReference; explicitFileType = wrapper.application; includeInIndex = 0; path = CIANDTTest.app; sourceTree = BUILT_PRODUCTS_DIR; };
		B65F1AE01EFE009100B52D51 /* main.m */ = {isa = PBXFileReference; lastKnownFileType = sourcecode.c.objc; path = main.m; sourceTree = "<group>"; };
		B65F1AE21EFE009100B52D51 /* AppDelegate.h */ = {isa = PBXFileReference; lastKnownFileType = sourcecode.c.h; path = AppDelegate.h; sourceTree = "<group>"; };
		B65F1AE31EFE009100B52D51 /* AppDelegate.m */ = {isa = PBXFileReference; lastKnownFileType = sourcecode.c.objc; path = AppDelegate.m; sourceTree = "<group>"; };
		B65F1AEC1EFE009100B52D51 /* Base */ = {isa = PBXFileReference; lastKnownFileType = file.storyboard; name = Base; path = Base.lproj/Main.storyboard; sourceTree = "<group>"; };
		B65F1AEE1EFE009100B52D51 /* Assets.xcassets */ = {isa = PBXFileReference; lastKnownFileType = folder.assetcatalog; path = Assets.xcassets; sourceTree = "<group>"; };
		B65F1AF11EFE009100B52D51 /* Base */ = {isa = PBXFileReference; lastKnownFileType = file.storyboard; name = Base; path = Base.lproj/LaunchScreen.storyboard; sourceTree = "<group>"; };
		B65F1AF31EFE009100B52D51 /* Info.plist */ = {isa = PBXFileReference; lastKnownFileType = text.plist.xml; path = Info.plist; sourceTree = "<group>"; };
		B65F1AF91EFE02E200B52D51 /* UserWeatherViewController.h */ = {isa = PBXFileReference; fileEncoding = 4; lastKnownFileType = sourcecode.c.h; path = UserWeatherViewController.h; sourceTree = "<group>"; };
		B65F1AFA1EFE02E200B52D51 /* UserWeatherViewController.m */ = {isa = PBXFileReference; fileEncoding = 4; lastKnownFileType = sourcecode.c.objc; path = UserWeatherViewController.m; sourceTree = "<group>"; };
		B65F1AFC1EFE02FB00B52D51 /* CityWeatherViewController.h */ = {isa = PBXFileReference; fileEncoding = 4; lastKnownFileType = sourcecode.c.h; path = CityWeatherViewController.h; sourceTree = "<group>"; };
		B65F1AFD1EFE02FB00B52D51 /* CityWeatherViewController.m */ = {isa = PBXFileReference; fileEncoding = 4; lastKnownFileType = sourcecode.c.objc; path = CityWeatherViewController.m; sourceTree = "<group>"; };
		B65F1B021EFE079B00B52D51 /* FBSDKLoginKit.framework */ = {isa = PBXFileReference; lastKnownFileType = wrapper.framework; name = FBSDKLoginKit.framework; path = Frameworks/FBSDKLoginKit.framework; sourceTree = "<group>"; };
		B65F1B051EFE092400B52D51 /* LoginViewController.h */ = {isa = PBXFileReference; fileEncoding = 4; lastKnownFileType = sourcecode.c.h; path = LoginViewController.h; sourceTree = "<group>"; };
		B65F1B061EFE092400B52D51 /* LoginViewController.m */ = {isa = PBXFileReference; fileEncoding = 4; lastKnownFileType = sourcecode.c.objc; path = LoginViewController.m; sourceTree = "<group>"; };
		B67D3C501EFE105B0091EA7B /* Login.storyboard */ = {isa = PBXFileReference; fileEncoding = 4; lastKnownFileType = file.storyboard; path = Login.storyboard; sourceTree = "<group>"; };
		B67D3C541EFE134B0091EA7B /* FBSDKCoreKit.framework */ = {isa = PBXFileReference; lastKnownFileType = wrapper.framework; name = FBSDKCoreKit.framework; path = Frameworks/FBSDKCoreKit.framework; sourceTree = "<group>"; };
		B692E90C1EFE173C005CB6BA /* Bolts.framework */ = {isa = PBXFileReference; lastKnownFileType = wrapper.framework; name = Bolts.framework; path = Frameworks/Bolts.framework; sourceTree = "<group>"; };
/* End PBXFileReference section */

/* Begin PBXFrameworksBuildPhase section */
		B65F1AD91EFE009100B52D51 /* Frameworks */ = {
			isa = PBXFrameworksBuildPhase;
			buildActionMask = 2147483647;
			files = (
				B692E90D1EFE173C005CB6BA /* Bolts.framework in Frameworks */,
				B65F1B031EFE079B00B52D51 /* FBSDKLoginKit.framework in Frameworks */,
				B67D3C551EFE134B0091EA7B /* FBSDKCoreKit.framework in Frameworks */,
			);
			runOnlyForDeploymentPostprocessing = 0;
		};
/* End PBXFrameworksBuildPhase section */

/* Begin PBXGroup section */
		B65F1AD31EFE009100B52D51 = {
			isa = PBXGroup;
			children = (
				B65F1ADE1EFE009100B52D51 /* CIANDTTest */,
				B65F1ADD1EFE009100B52D51 /* Products */,
			);
			sourceTree = "<group>";
		};
		B65F1ADD1EFE009100B52D51 /* Products */ = {
			isa = PBXGroup;
			children = (
				B65F1ADC1EFE009100B52D51 /* CIANDTTest.app */,
			);
			name = Products;
			sourceTree = "<group>";
		};
		B65F1ADE1EFE009100B52D51 /* CIANDTTest */ = {
			isa = PBXGroup;
			children = (
				B65F1B011EFE032400B52D51 /* Network */,
				B65F1B001EFE031500B52D51 /* ViewController */,
				B65F1AFF1EFE030600B52D51 /* Storyboard */,
				B65F1AE21EFE009100B52D51 /* AppDelegate.h */,
				B65F1AE31EFE009100B52D51 /* AppDelegate.m */,
				B65F1AEE1EFE009100B52D51 /* Assets.xcassets */,
				B65F1AF31EFE009100B52D51 /* Info.plist */,
				B65F1ADF1EFE009100B52D51 /* Supporting Files */,
				B65F1B041EFE07A700B52D51 /* Frameworks */,
			);
			path = CIANDTTest;
			sourceTree = "<group>";
		};
		B65F1ADF1EFE009100B52D51 /* Supporting Files */ = {
			isa = PBXGroup;
			children = (
				B65F1AE01EFE009100B52D51 /* main.m */,
			);
			name = "Supporting Files";
			sourceTree = "<group>";
		};
		B65F1AFF1EFE030600B52D51 /* Storyboard */ = {
			isa = PBXGroup;
			children = (
				B65F1AEB1EFE009100B52D51 /* Main.storyboard */,
				B65F1AF01EFE009100B52D51 /* LaunchScreen.storyboard */,
				B67D3C501EFE105B0091EA7B /* Login.storyboard */,
			);
			name = Storyboard;
			sourceTree = "<group>";
		};
		B65F1B001EFE031500B52D51 /* ViewController */ = {
			isa = PBXGroup;
			children = (
				B65F1AF91EFE02E200B52D51 /* UserWeatherViewController.h */,
				B65F1AFA1EFE02E200B52D51 /* UserWeatherViewController.m */,
				B65F1AFC1EFE02FB00B52D51 /* CityWeatherViewController.h */,
				B65F1AFD1EFE02FB00B52D51 /* CityWeatherViewController.m */,
				B65F1B051EFE092400B52D51 /* LoginViewController.h */,
				B65F1B061EFE092400B52D51 /* LoginViewController.m */,
			);
			name = ViewController;
			sourceTree = "<group>";
		};
		B65F1B011EFE032400B52D51 /* Network */ = {
			isa = PBXGroup;
			children = (
			);
			name = Network;
			sourceTree = "<group>";
		};
		B65F1B041EFE07A700B52D51 /* Frameworks */ = {
			isa = PBXGroup;
			children = (
				B692E90C1EFE173C005CB6BA /* Bolts.framework */,
				B67D3C541EFE134B0091EA7B /* FBSDKCoreKit.framework */,
				B65F1B021EFE079B00B52D51 /* FBSDKLoginKit.framework */,
			);
			name = Frameworks;
			sourceTree = "<group>";
		};
/* End PBXGroup section */

/* Begin PBXNativeTarget section */
		B65F1ADB1EFE009100B52D51 /* CIANDTTest */ = {
			isa = PBXNativeTarget;
			buildConfigurationList = B65F1AF61EFE009100B52D51 /* Build configuration list for PBXNativeTarget "CIANDTTest" */;
			buildPhases = (
				B65F1AD81EFE009100B52D51 /* Sources */,
				B65F1AD91EFE009100B52D51 /* Frameworks */,
				B65F1ADA1EFE009100B52D51 /* Resources */,
			);
			buildRules = (
			);
			dependencies = (
			);
			name = CIANDTTest;
			productName = CIANDTTest;
			productReference = B65F1ADC1EFE009100B52D51 /* CIANDTTest.app */;
			productType = "com.apple.product-type.application";
		};
/* End PBXNativeTarget section */

/* Begin PBXProject section */
		B65F1AD41EFE009100B52D51 /* Project object */ = {
			isa = PBXProject;
			attributes = {
				LastUpgradeCheck = 0830;
				ORGANIZATIONNAME = "Diego Batista Dias Leite";
				TargetAttributes = {
					B65F1ADB1EFE009100B52D51 = {
						CreatedOnToolsVersion = 8.3.2;
						ProvisioningStyle = Automatic;
					};
				};
			};
			buildConfigurationList = B65F1AD71EFE009100B52D51 /* Build configuration list for PBXProject "CIANDTTest" */;
			compatibilityVersion = "Xcode 3.2";
			developmentRegion = English;
			hasScannedForEncodings = 0;
			knownRegions = (
				en,
				Base,
			);
			mainGroup = B65F1AD31EFE009100B52D51;
			productRefGroup = B65F1ADD1EFE009100B52D51 /* Products */;
			projectDirPath = "";
			projectRoot = "";
			targets = (
				B65F1ADB1EFE009100B52D51 /* CIANDTTest */,
			);
		};
/* End PBXProject section */

/* Begin PBXResourcesBuildPhase section */
		B65F1ADA1EFE009100B52D51 /* Resources */ = {
			isa = PBXResourcesBuildPhase;
			buildActionMask = 2147483647;
			files = (
				B67D3C511EFE105B0091EA7B /* Login.storyboard in Resources */,
				B65F1AF21EFE009100B52D51 /* LaunchScreen.storyboard in Resources */,
				B65F1AEF1EFE009100B52D51 /* Assets.xcassets in Resources */,
				B65F1AED1EFE009100B52D51 /* Main.storyboard in Resources */,
			);
			runOnlyForDeploymentPostprocessing = 0;
		};
/* End PBXResourcesBuildPhase section */

/* Begin PBXSourcesBuildPhase section */
		B65F1AD81EFE009100B52D51 /* Sources */ = {
			isa = PBXSourcesBuildPhase;
			buildActionMask = 2147483647;
			files = (
				B65F1AFB1EFE02E200B52D51 /* UserWeatherViewController.m in Sources */,
				B65F1AE41EFE009100B52D51 /* AppDelegate.m in Sources */,
				B65F1AFE1EFE02FB00B52D51 /* CityWeatherViewController.m in Sources */,
				B65F1AE11EFE009100B52D51 /* main.m in Sources */,
				B65F1B071EFE092400B52D51 /* LoginViewController.m in Sources */,
			);
			runOnlyForDeploymentPostprocessing = 0;
		};
/* End PBXSourcesBuildPhase section */

/* Begin PBXVariantGroup section */
		B65F1AEB1EFE009100B52D51 /* Main.storyboard */ = {
			isa = PBXVariantGroup;
			children = (
				B65F1AEC1EFE009100B52D51 /* Base */,
			);
			name = Main.storyboard;
			sourceTree = "<group>";
		};
		B65F1AF01EFE009100B52D51 /* LaunchScreen.storyboard */ = {
			isa = PBXVariantGroup;
			children = (
				B65F1AF11EFE009100B52D51 /* Base */,
			);
			name = LaunchScreen.storyboard;
			sourceTree = "<group>";
		};
/* End PBXVariantGroup section */

/* Begin XCBuildConfiguration section */
		B65F1AF41EFE009100B52D51 /* Debug */ = {
			isa = XCBuildConfiguration;
			buildSettings = {
				ALWAYS_SEARCH_USER_PATHS = NO;
				CLANG_ANALYZER_NONNULL = YES;
				CLANG_ANALYZER_NUMBER_OBJECT_CONVERSION = YES_AGGRESSIVE;
				CLANG_CXX_LANGUAGE_STANDARD = "gnu++0x";
				CLANG_CXX_LIBRARY = "libc++";
				CLANG_ENABLE_MODULES = YES;
				CLANG_ENABLE_OBJC_ARC = YES;
				CLANG_WARN_BOOL_CONVERSION = YES;
				CLANG_WARN_CONSTANT_CONVERSION = YES;
				CLANG_WARN_DIRECT_OBJC_ISA_USAGE = YES_ERROR;
				CLANG_WARN_DOCUMENTATION_COMMENTS = YES;
				CLANG_WARN_EMPTY_BODY = YES;
				CLANG_WARN_ENUM_CONVERSION = YES;
				CLANG_WARN_INFINITE_RECURSION = YES;
				CLANG_WARN_INT_CONVERSION = YES;
				CLANG_WARN_OBJC_ROOT_CLASS = YES_ERROR;
				CLANG_WARN_SUSPICIOUS_MOVE = YES;
				CLANG_WARN_UNREACHABLE_CODE = YES;
				CLANG_WARN__DUPLICATE_METHOD_MATCH = YES;
				"CODE_SIGN_IDENTITY[sdk=iphoneos*]" = "iPhone Developer";
				COPY_PHASE_STRIP = NO;
				DEBUG_INFORMATION_FORMAT = dwarf;
				ENABLE_STRICT_OBJC_MSGSEND = YES;
				ENABLE_TESTABILITY = YES;
				GCC_C_LANGUAGE_STANDARD = gnu99;
				GCC_DYNAMIC_NO_PIC = NO;
				GCC_NO_COMMON_BLOCKS = YES;
				GCC_OPTIMIZATION_LEVEL = 0;
				GCC_PREPROCESSOR_DEFINITIONS = (
					"DEBUG=1",
					"$(inherited)",
				);
				GCC_WARN_64_TO_32_BIT_CONVERSION = YES;
				GCC_WARN_ABOUT_RETURN_TYPE = YES_ERROR;
				GCC_WARN_UNDECLARED_SELECTOR = YES;
				GCC_WARN_UNINITIALIZED_AUTOS = YES_AGGRESSIVE;
				GCC_WARN_UNUSED_FUNCTION = YES;
				GCC_WARN_UNUSED_VARIABLE = YES;
				IPHONEOS_DEPLOYMENT_TARGET = 10.3;
				MTL_ENABLE_DEBUG_INFO = YES;
				ONLY_ACTIVE_ARCH = YES;
				SDKROOT = iphoneos;
			};
			name = Debug;
		};
		B65F1AF51EFE009100B52D51 /* Release */ = {
			isa = XCBuildConfiguration;
			buildSettings = {
				ALWAYS_SEARCH_USER_PATHS = NO;
				CLANG_ANALYZER_NONNULL = YES;
				CLANG_ANALYZER_NUMBER_OBJECT_CONVERSION = YES_AGGRESSIVE;
				CLANG_CXX_LANGUAGE_STANDARD = "gnu++0x";
				CLANG_CXX_LIBRARY = "libc++";
				CLANG_ENABLE_MODULES = YES;
				CLANG_ENABLE_OBJC_ARC = YES;
				CLANG_WARN_BOOL_CONVERSION = YES;
				CLANG_WARN_CONSTANT_CONVERSION = YES;
				CLANG_WARN_DIRECT_OBJC_ISA_USAGE = YES_ERROR;
				CLANG_WARN_DOCUMENTATION_COMMENTS = YES;
				CLANG_WARN_EMPTY_BODY = YES;
				CLANG_WARN_ENUM_CONVERSION = YES;
				CLANG_WARN_INFINITE_RECURSION = YES;
				CLANG_WARN_INT_CONVERSION = YES;
				CLANG_WARN_OBJC_ROOT_CLASS = YES_ERROR;
				CLANG_WARN_SUSPICIOUS_MOVE = YES;
				CLANG_WARN_UNREACHABLE_CODE = YES;
				CLANG_WARN__DUPLICATE_METHOD_MATCH = YES;
				"CODE_SIGN_IDENTITY[sdk=iphoneos*]" = "iPhone Developer";
				COPY_PHASE_STRIP = NO;
				DEBUG_INFORMATION_FORMAT = "dwarf-with-dsym";
				ENABLE_NS_ASSERTIONS = NO;
				ENABLE_STRICT_OBJC_MSGSEND = YES;
				GCC_C_LANGUAGE_STANDARD = gnu99;
				GCC_NO_COMMON_BLOCKS = YES;
				GCC_WARN_64_TO_32_BIT_CONVERSION = YES;
				GCC_WARN_ABOUT_RETURN_TYPE = YES_ERROR;
				GCC_WARN_UNDECLARED_SELECTOR = YES;
				GCC_WARN_UNINITIALIZED_AUTOS = YES_AGGRESSIVE;
				GCC_WARN_UNUSED_FUNCTION = YES;
				GCC_WARN_UNUSED_VARIABLE = YES;
				IPHONEOS_DEPLOYMENT_TARGET = 10.3;
				MTL_ENABLE_DEBUG_INFO = NO;
				SDKROOT = iphoneos;
				VALIDATE_PRODUCT = YES;
			};
			name = Release;
		};
		B65F1AF71EFE009100B52D51 /* Debug */ = {
			isa = XCBuildConfiguration;
			buildSettings = {
				ASSETCATALOG_COMPILER_APPICON_NAME = AppIcon;
				ENABLE_BITCODE = YES;
				FRAMEWORK_SEARCH_PATHS = (
					"$(inherited)",
					"$(PROJECT_DIR)/CIANDTTest/Frameworks",
				);
				INFOPLIST_FILE = CIANDTTest/Info.plist;
				LD_RUNPATH_SEARCH_PATHS = "$(inherited) @executable_path/Frameworks";
				PRODUCT_BUNDLE_IDENTIFIER = ciandt.CIANDTTest;
				PRODUCT_NAME = "$(TARGET_NAME)";
			};
			name = Debug;
		};
		B65F1AF81EFE009100B52D51 /* Release */ = {
			isa = XCBuildConfiguration;
			buildSettings = {
				ASSETCATALOG_COMPILER_APPICON_NAME = AppIcon;
				ENABLE_BITCODE = YES;
				FRAMEWORK_SEARCH_PATHS = (
					"$(inherited)",
					"$(PROJECT_DIR)/CIANDTTest/Frameworks",
				);
				INFOPLIST_FILE = CIANDTTest/Info.plist;
				LD_RUNPATH_SEARCH_PATHS = "$(inherited) @executable_path/Frameworks";
				PRODUCT_BUNDLE_IDENTIFIER = ciandt.CIANDTTest;
				PRODUCT_NAME = "$(TARGET_NAME)";
			};
			name = Release;
		};
/* End XCBuildConfiguration section */

/* Begin XCConfigurationList section */
		B65F1AD71EFE009100B52D51 /* Build configuration list for PBXProject "CIANDTTest" */ = {
			isa = XCConfigurationList;
			buildConfigurations = (
				B65F1AF41EFE009100B52D51 /* Debug */,
				B65F1AF51EFE009100B52D51 /* Release */,
			);
			defaultConfigurationIsVisible = 0;
			defaultConfigurationName = Release;
		};
		B65F1AF61EFE009100B52D51 /* Build configuration list for PBXNativeTarget "CIANDTTest" */ = {
			isa = XCConfigurationList;
			buildConfigurations = (
				B65F1AF71EFE009100B52D51 /* Debug */,
				B65F1AF81EFE009100B52D51 /* Release */,
			);
			defaultConfigurationIsVisible = 0;
			defaultConfigurationName = Release;
		};
/* End XCConfigurationList section */
	};
	rootObject = B65F1AD41EFE009100B52D51 /* Project object */;
}
